{
  "requires": true,
  "lockfileVersion": 1,
  "dependencies": {
    "@babel/runtime": {
      "version": "7.12.13",
      "resolved": "https://registry.npmjs.org/@babel/runtime/-/runtime-7.12.13.tgz",
      "integrity": "sha512-8+3UMPBrjFa/6TtKi/7sehPKqfAm4g6K+YQjyyFOLUTxzOngcRZTlAVY8sc2CORJYqdHQY8gRPHmn+qo15rCBw==",
      "requires": {
        "regenerator-runtime": "^0.13.4"
      }
    },
    "@plasmicapp/react-web": {
      "version": "0.2.18",
      "resolved": "https://registry.npmjs.org/@plasmicapp/react-web/-/react-web-0.2.18.tgz",
      "integrity": "sha512-uBSecx1gh6NUXChsLae07OEAwKD0Fwiy8FC2YBFbbnWypm+A61XyTjOYWd/EHjrj7vMGtjisf7mmyUAV/AcTvA==",
      "requires": {
        "@react-aria/focus": "^3.2.1",
        "classnames": "^2.2.6"
      }
    },
    "@react-aria/focus": {
      "version": "3.2.3",
      "resolved": "https://registry.npmjs.org/@react-aria/focus/-/focus-3.2.3.tgz",
      "integrity": "sha512-+OWmJMivrq3f8ApWihH1KJYqYj3rZV34YJORacBohcAsF1Qd1V1/P+w3dMkf24kV0wqAiWePCF1FwgnrL/rYzQ==",
      "requires": {
        "@babel/runtime": "^7.6.2",
        "@react-aria/interactions": "^3.3.0",
        "@react-aria/utils": "^3.4.0",
        "@react-types/shared": "^3.3.0",
        "clsx": "^1.1.1"
      }
    },
    "@react-aria/interactions": {
      "version": "3.3.2",
      "resolved": "https://registry.npmjs.org/@react-aria/interactions/-/interactions-3.3.2.tgz",
      "integrity": "sha512-CYCxeix1UBMLIARZO4xv/ZNvgAp+Y6ahY1Z693uXpYPLc33B0RiygoTumcu0yJo7jwZ8Ovv64q0saDaNoSG0Aw==",
      "requires": {
        "@babel/runtime": "^7.6.2",
        "@react-aria/utils": "^3.4.1",
        "@react-types/shared": "^3.3.0"
      }
    },
    "@react-aria/ssr": {
      "version": "3.0.1",
      "resolved": "https://registry.npmjs.org/@react-aria/ssr/-/ssr-3.0.1.tgz",
      "integrity": "sha512-rweMNcSkUO4YkcmgFIoZFvgPyHN2P9DOjq3VOHnZ8SG3Y4TTvSY6Iv90KgzeEfmWCUqqt65FYH4JgrpGNToEMw==",
      "requires": {
        "@babel/runtime": "^7.6.2"
      }
    },
    "@react-aria/utils": {
      "version": "3.5.0",
      "resolved": "https://registry.npmjs.org/@react-aria/utils/-/utils-3.5.0.tgz",
      "integrity": "sha512-HjeqT4//N2Jz2WNg3qAg1MpxAjcP+aPR1fq8yXm812za2/bA5rUSZqN0EXHZ9/+NdQhnZoRPNyXN/BJMZJe+Ig==",
      "requires": {
        "@babel/runtime": "^7.6.2",
        "@react-aria/ssr": "^3.0.1",
        "@react-types/shared": "^3.3.0",
        "clsx": "^1.1.1"
      }
    },
    "@react-types/shared": {
      "version": "3.3.0",
      "resolved": "https://registry.npmjs.org/@react-types/shared/-/shared-3.3.0.tgz",
      "integrity": "sha512-i/OJplVPIHVok0Bu2Hn9pmz6eyULq2ao6pG/Is8YoDzp33SzumOtXxumgYcaXMJ7wBd2RgPd532m3+RnOY0ndg=="
    },
    "classnames": {
      "version": "2.2.6",
      "resolved": "https://registry.npmjs.org/classnames/-/classnames-2.2.6.tgz",
      "integrity": "sha512-JR/iSQOSt+LQIWwrwEzJ9uk0xfN3mTVYMwt1Ir5mUcSN6pU+V4zQFFaJsclJbPuAUQH+yfWef6tm7l1quW3C8Q=="
    },
    "clsx": {
      "version": "1.1.1",
      "resolved": "https://registry.npmjs.org/clsx/-/clsx-1.1.1.tgz",
      "integrity": "sha512-6/bPho624p3S2pMyvP5kKBPXnI3ufHLObBFCfgx+LkeR5lg2XYy2hqZqUf45ypD8COn2bhgGJSUE+l5dhNBieA=="
    },
    "regenerator-runtime": {
      "version": "0.13.7",
      "resolved": "https://registry.npmjs.org/regenerator-runtime/-/regenerator-runtime-0.13.7.tgz",
      "integrity": "sha512-a54FxoJDIr27pgf7IgeQGxmqUNYrcV338lf/6gH456HZ/PhX+5BcwHXG9ajESmwe6WRO0tAzRUrRmNONWgkrew=="
    }
  }
}
