{
  "projects": [
    {
      "projectId": "seaQhLVS4bbjiGvJJrRwyL",
      "version": "15.0.3",
      "dependencies": {},
      "lang": "js",
      "fileLocks": [
        {
          "assetId": "seaQhLVS4bbjiGvJJrRwyL",
          "type": "projectCss",
          "checksum": "dc88471beadb978e51eb3ceb75d10fdb"
        }
      ]
    },
    {
      "projectId": "cB98qoa8i3odyeQmSRqxXv",
      "version": "latest",
      "dependencies": {
        "seaQhLVS4bbjiGvJJrRwyL": "15.0.3"
      },
      "lang": "js",
      "fileLocks": [
        {
          "type": "globalVariant",
          "assetId": "dBHaNQuMtgO0A",
          "checksum": "e3d8bc1c0479766367a20ebd39b018c4"
        },
        {
          "assetId": "cB98qoa8i3odyeQmSRqxXv",
          "type": "projectCss",
          "checksum": "336ecd00ac2a9b8307f64e7ac83395c2"
        },
        {
          "type": "renderModule",
          "assetId": "VzjRiKj8lhN",
          "checksum": "9f32090365f6623bfa2dd2606be281ca"
        },
        {
          "type": "cssRules",
          "assetId": "VzjRiKj8lhN",
          "checksum": "35590f7136b11b8537aa3b92fc71097b"
        },
        {
          "type": "renderModule",
          "assetId": "vajCZel_JAG",
          "checksum": "c88a45626f800e25972f73b4a5de9499"
        },
        {
          "type": "cssRules",
          "assetId": "vajCZel_JAG",
          "checksum": "5c99a876aecffce023f101a91cc1ac0f"
        },
        {
          "type": "renderModule",
          "assetId": "uyExJbZ7mqv6",
          "checksum": "371e144b89a1ea3e64dee73a16a8400f"
        },
        {
          "type": "cssRules",
          "assetId": "uyExJbZ7mqv6",
          "checksum": "04d307cff3d9116bdb3978f087e982ed"
        },
        {
          "type": "renderModule",
          "assetId": "TZVlN0wNrC",
          "checksum": "3b50b3ebd0eca1ff970c0d6f1a03b844"
        },
        {
          "type": "cssRules",
          "assetId": "TZVlN0wNrC",
          "checksum": "70c11e28f1be0feee935da1ac5194c8a"
        },
        {
          "type": "renderModule",
          "assetId": "ZUhz2WklPN",
          "checksum": "dd9fabd5d9ab81a06105efdef32ea5d4"
        },
        {
          "type": "cssRules",
          "assetId": "ZUhz2WklPN",
          "checksum": "80a5c640a4f1a64c66123a09e97f1a24"
        },
        {
          "type": "renderModule",
          "assetId": "j_QrHh39o2Vz",
          "checksum": "74e3306efd0076660eb21c41783d3027"
        },
        {
          "type": "cssRules",
          "assetId": "j_QrHh39o2Vz",
          "checksum": "3d1e4cef88af402dee0d7fbdfe3c1ba9"
        },
        {
          "type": "renderModule",
          "assetId": "LSgneob4-QJ",
          "checksum": "a2fdbe227ff2faeac7aef7b45802873c"
        },
        {
          "type": "cssRules",
          "assetId": "LSgneob4-QJ",
          "checksum": "9b80343cb3851f24d915f2e5d3c7d497"
        },
        {
          "type": "renderModule",
          "assetId": "ZTC6UxPS4pr",
          "checksum": "37f3b981a6898117ed18a1eee98f51ad"
        },
        {
          "type": "cssRules",
          "assetId": "ZTC6UxPS4pr",
          "checksum": "cd18de6151c50eab270893b226f963d8"
        },
        {
          "type": "icon",
          "assetId": "x5H6Yc6WgIox3",
          "checksum": "d9372fab8827f5df3018f9321066bf4d"
        },
        {
          "type": "icon",
          "assetId": "sViPfLjOBlVPw",
          "checksum": "4e47c9f479bb381d940d89add23c4cf8"
        },
        {
          "type": "icon",
          "assetId": "QNcGHIvQ0zH7r",
          "checksum": "f3ab4c94f32e68cd1e191b9465841bcb"
        },
        {
          "type": "icon",
          "assetId": "LXbkqxYeE0PCy",
          "checksum": "04228903cffcdd262074834c81ed5316"
        },
        {
          "type": "icon",
          "assetId": "X1u1erpJs-c-I",
          "checksum": "a8ac390c230567abb123e1963032d25c"
        },
        {
          "type": "icon",
          "assetId": "9KW-gtI49IVaV",
          "checksum": "4804178b90392019cd591a6a06a45b36"
        },
        {
          "type": "icon",
          "assetId": "OwyyGkfswVO63",
          "checksum": "8d0404cb7b3e33a289c9dafca5245f16"
        },
        {
          "type": "icon",
          "assetId": "_RIojibJXD45R",
          "checksum": "6b44a8350ff0e6aba405004758d42834"
        },
        {
          "type": "icon",
          "assetId": "80xHUczXGKHr6",
          "checksum": "e080f118db99d40375f0063d53950129"
        },
        {
          "type": "icon",
          "assetId": "EYjfgbrG0QygO",
          "checksum": "91301227d7faf39fdbf9812acd61919e"
        },
        {
          "type": "icon",
          "assetId": "i7-dbBPPcayrA",
          "checksum": "13ddbc8742038d84bbfc39d99db29e49"
        },
        {
          "type": "icon",
          "assetId": "I3uUyvCSUrzyO",
          "checksum": "7f25b3c12810ce035aa7411c4ed99c64"
        },
        {
          "type": "icon",
          "assetId": "RaBLWEiI5y-YQ",
          "checksum": "bfc521b1bef9600c83ad3b94b255caca"
        },
        {
          "type": "icon",
          "assetId": "pvZjF2mLwLZEN",
          "checksum": "0bbbf222e6e4593cfe3976cd20c48858"
        },
        {
          "type": "icon",
          "assetId": "w5xfvMf8kInGz",
          "checksum": "cd6e563b369dfb978b4c34bce406eee8"
        },
        {
          "type": "icon",
          "assetId": "yPKSxTgnwSaYn",
          "checksum": "ef25582f1c3d98c60a56c5cf963ab4fc"
        },
        {
          "type": "icon",
          "assetId": "bPIoO-FQUMRj0",
          "checksum": "6b9f37d2a33da05643d1a8b7d3c13e60"
        },
        {
          "type": "icon",
          "assetId": "yV40PkpB-SQrv",
          "checksum": "0d059677b67dfaf095a70c9fd4081d09"
        },
        {
          "type": "icon",
          "assetId": "wlmNziuq72yBc",
          "checksum": "07b08e7a48b2a540667a5b27231b23c2"
        },
        {
          "type": "icon",
          "assetId": "t7YBO6HnjF",
          "checksum": "9d33ab75fe8a4441bbd388e069c92708"
        },
        {
          "type": "icon",
          "assetId": "57wGom1p3ud",
          "checksum": "ac196a6b41a2b6c9f8beca598b8c24e5"
        },
        {
          "type": "icon",
          "assetId": "cotA1AFhJEB",
          "checksum": "e723089cbae3ad1d5d774c9825eb3c7f"
        },
        {
          "type": "icon",
          "assetId": "levw2wPNh7_",
          "checksum": "7c93ced798c8f4b5cd865fceb87d4182"
        },
        {
          "type": "icon",
          "assetId": "esLao0IVyYj",
          "checksum": "504a9551982ccb7ecab5a6cc0fb20f70"
        },
        {
          "type": "icon",
          "assetId": "kbpRokNj1MS",
          "checksum": "f69684c91513d13285a932ca2cbc0c0a"
        },
        {
          "type": "icon",
          "assetId": "CB8289oITqR",
          "checksum": "2c1a6b9c9d2561579a119391459621c1"
        },
        {
          "type": "icon",
          "assetId": "aL7LNK6o7h3",
          "checksum": "9b3a65050319067571aaab894c303a54"
        },
        {
          "type": "icon",
          "assetId": "O-vtwbpHS7L",
          "checksum": "0bbf9cee18ed5178fa012c24e2c58ee5"
        },
        {
          "type": "icon",
          "assetId": "mY-rSgHZU",
          "checksum": "76e9fa33b547d9f98d7abb777996f612"
        },
        {
          "type": "icon",
          "assetId": "hbpfneFjwO",
          "checksum": "ec8c6e3c63f5cdb53442e09bf06068bd"
        },
        {
          "type": "icon",
          "assetId": "sHRqwbiY1",
          "checksum": "68be26818356f20520cb6d6f328546bc"
        },
        {
          "type": "image",
          "assetId": "VzNGPO9M8sAca",
          "checksum": "9037672219b9777fd9a13e1cc13802cd"
        },
        {
          "type": "image",
          "assetId": "eBeXbmB6lsv0y",
          "checksum": "77e1201526f6769ef40ecf045dd505fc"
        },
        {
          "type": "image",
          "assetId": "1rTGMWU2pIJ0T",
          "checksum": "78c15f1f7e930fbba22aabece11019f4"
        },
        {
          "type": "image",
          "assetId": "4q69sJ4TT7NS2",
          "checksum": "d5ccc4d022eb3b6fa229c9e99512f3c4"
        },
        {
          "type": "image",
          "assetId": "tKQwJl5pG",
          "checksum": "da712382febea1152c0f379368433548"
        },
        {
          "type": "image",
          "assetId": "ACRzkIv-XL",
          "checksum": "a13ab64bc6e7ec543047bf693ff1f8a8"
        },
        {
          "type": "image",
          "assetId": "3FS3Tpd7eR",
          "checksum": "8566cc1440721fe59c185159c8171557"
        },
        {
          "type": "image",
          "assetId": "T-0Gc_EUN",
          "checksum": "3c66e4e377600e7ccfbe968d215f8034"
        },
        {
          "type": "image",
          "assetId": "egnE-Wmxu",
          "checksum": "8566cc1440721fe59c185159c8171557"
        },
        {
          "type": "image",
          "assetId": "YoVPJYRT3",
          "checksum": "5e5366ab98eabdb43888816014e64907"
        }
      ]
    }
  ],
  "cliVersion": "0.1.114"
}
