{
  "projects": [
    {
      "projectId": "seaQhLVS4bbjiGvJJrRwyL",
      "version": "15.0.3",
      "dependencies": {},
      "lang": "js",
      "fileLocks": [
        {
          "assetId": "seaQhLVS4bbjiGvJJrRwyL",
          "type": "projectCss",
          "checksum": "dc88471beadb978e51eb3ceb75d10fdb"
        }
      ]
    },
    {
      "projectId": "cB98qoa8i3odyeQmSRqxXv",
      "version": "latest",
      "dependencies": {
        "seaQhLVS4bbjiGvJJrRwyL": "15.0.3"
      },
      "lang": "js",
      "fileLocks": [
        {
          "type": "globalVariant",
          "assetId": "dBHaNQuMtgO0A",
          "checksum": "a57413d2b29bbd03079420ebc47c9c8a"
        },
        {
          "type": "globalVariant",
          "assetId": "pvGk4vElmG",
          "checksum": "6dd1dd8bfb9cd9a6ce51998cbab95d5a"
        },
        {
          "type": "globalVariant",
          "assetId": "FYJpAyOVP7",
          "checksum": "4a603ccd6d59e611766e55e832fc90a3"
        },
        {
          "type": "globalVariant",
          "assetId": "oN3TS5E7B5",
          "checksum": "e013582d85fdac135f21418a1061e45e"
        },
        {
          "assetId": "cB98qoa8i3odyeQmSRqxXv",
          "type": "projectCss",
          "checksum": "336ecd00ac2a9b8307f64e7ac83395c2"
        },
        {
          "type": "renderModule",
          "assetId": "VzjRiKj8lhN",
          "checksum": "fa9710f7f32427b700b4371aa721b08e"
        },
        {
          "type": "cssRules",
          "assetId": "VzjRiKj8lhN",
          "checksum": "fa9710f7f32427b700b4371aa721b08e"
        },
        {
          "type": "renderModule",
          "assetId": "vajCZel_JAG",
          "checksum": "9ccc07bd571ba37d9ffb8ee20b9fda28"
        },
        {
          "type": "cssRules",
          "assetId": "vajCZel_JAG",
          "checksum": "9ccc07bd571ba37d9ffb8ee20b9fda28"
        },
        {
          "type": "renderModule",
          "assetId": "uyExJbZ7mqv6",
          "checksum": "f52cdb56f1093ac8a06ccbbc5a88c17e"
        },
        {
          "type": "cssRules",
          "assetId": "uyExJbZ7mqv6",
          "checksum": "f52cdb56f1093ac8a06ccbbc5a88c17e"
        },
        {
          "type": "renderModule",
          "assetId": "TZVlN0wNrC",
          "checksum": "f0fb354a35da75cf4133b759509c156e"
        },
        {
          "type": "cssRules",
          "assetId": "TZVlN0wNrC",
          "checksum": "f0fb354a35da75cf4133b759509c156e"
        },
        {
          "type": "renderModule",
          "assetId": "j_QrHh39o2Vz",
          "checksum": "884dbd48fd468384ffe41d2f259d0c99"
        },
        {
          "type": "cssRules",
          "assetId": "j_QrHh39o2Vz",
          "checksum": "884dbd48fd468384ffe41d2f259d0c99"
        },
        {
          "type": "renderModule",
          "assetId": "LSgneob4-QJ",
          "checksum": "f6ae43c91c3aa3de17ba3928e9caf738"
        },
        {
          "type": "cssRules",
          "assetId": "LSgneob4-QJ",
          "checksum": "f6ae43c91c3aa3de17ba3928e9caf738"
        },
        {
          "type": "renderModule",
          "assetId": "ZTC6UxPS4pr",
          "checksum": "6b20e757d7a9e1ffce5a7030f9ccacc1"
        },
        {
          "type": "cssRules",
          "assetId": "ZTC6UxPS4pr",
          "checksum": "6b20e757d7a9e1ffce5a7030f9ccacc1"
        },
        {
          "type": "renderModule",
          "assetId": "I8ww9lcEFKJ",
          "checksum": "44a371223aaba73e14f52decb9865091"
        },
        {
          "type": "cssRules",
          "assetId": "I8ww9lcEFKJ",
          "checksum": "44a371223aaba73e14f52decb9865091"
        },
        {
          "type": "renderModule",
          "assetId": "zCyM3n60XUg",
          "checksum": "67ee8aaf722de9166f33ee981518da8e"
        },
        {
          "type": "cssRules",
          "assetId": "zCyM3n60XUg",
          "checksum": "67ee8aaf722de9166f33ee981518da8e"
        },
        {
          "type": "renderModule",
          "assetId": "oCLcySiUeWw",
          "checksum": "5c44f2f0f7d4197aab027faa29a6b3e4"
        },
        {
          "type": "cssRules",
          "assetId": "oCLcySiUeWw",
          "checksum": "5c44f2f0f7d4197aab027faa29a6b3e4"
        },
        {
          "type": "renderModule",
          "assetId": "4A7zd1YDe1h",
          "checksum": "6bd449ed614fe7f1d67061108eb4398e"
        },
        {
          "type": "cssRules",
          "assetId": "4A7zd1YDe1h",
          "checksum": "6bd449ed614fe7f1d67061108eb4398e"
        },
        {
          "type": "renderModule",
          "assetId": "GZSOtiGoasF",
          "checksum": "93e45011f640cf4a9232be384dc7a2cb"
        },
        {
          "type": "cssRules",
          "assetId": "GZSOtiGoasF",
          "checksum": "93e45011f640cf4a9232be384dc7a2cb"
        },
        {
          "type": "renderModule",
          "assetId": "RYoTzvmBRcs",
          "checksum": "dd0015ede20cf8cbc483055d0333f8b3"
        },
        {
          "type": "cssRules",
          "assetId": "RYoTzvmBRcs",
          "checksum": "dd0015ede20cf8cbc483055d0333f8b3"
        },
        {
          "type": "renderModule",
          "assetId": "8JL1OXjjFv",
          "checksum": "6ab38a77e099f69a6ff0851a4c930fea"
        },
        {
          "type": "cssRules",
          "assetId": "8JL1OXjjFv",
          "checksum": "6ab38a77e099f69a6ff0851a4c930fea"
        },
        {
          "type": "renderModule",
          "assetId": "suCoex1ZEws",
          "checksum": "7584e5673dd1b572211e466d0362a48b"
        },
        {
          "type": "cssRules",
          "assetId": "suCoex1ZEws",
          "checksum": "7584e5673dd1b572211e466d0362a48b"
        },
        {
          "type": "renderModule",
          "assetId": "JvsjNxa923YH",
          "checksum": "6f8609c30275c512ef20ee15091da15a"
        },
        {
          "type": "cssRules",
          "assetId": "JvsjNxa923YH",
          "checksum": "6f8609c30275c512ef20ee15091da15a"
        },
        {
          "type": "renderModule",
          "assetId": "fBw8AMOyHNK2",
          "checksum": "3e3a0648c7c21e81265fd7f8eb9e2cc7"
        },
        {
          "type": "cssRules",
          "assetId": "fBw8AMOyHNK2",
          "checksum": "3e3a0648c7c21e81265fd7f8eb9e2cc7"
        },
        {
          "type": "renderModule",
          "assetId": "OC6BaJS9BD",
          "checksum": "eec3feb3ed7d89cbd4423b1dc6b2dc4f"
        },
        {
          "type": "cssRules",
          "assetId": "OC6BaJS9BD",
          "checksum": "eec3feb3ed7d89cbd4423b1dc6b2dc4f"
        },
        {
          "type": "renderModule",
          "assetId": "LR_RSzYbAh",
          "checksum": "ff6e66c8433ebb5ed38954c8a1edf183"
        },
        {
          "type": "cssRules",
          "assetId": "LR_RSzYbAh",
          "checksum": "ff6e66c8433ebb5ed38954c8a1edf183"
        },
        {
          "type": "renderModule",
          "assetId": "Ypso7WV-JRt",
          "checksum": "f69d9f0d4d82bc926f05519c5be62b3c"
        },
        {
          "type": "cssRules",
          "assetId": "Ypso7WV-JRt",
          "checksum": "f69d9f0d4d82bc926f05519c5be62b3c"
        },
        {
          "type": "renderModule",
          "assetId": "EmIE1wl7mq",
          "checksum": "834dc70ce340140486ba374f3110a049"
        },
        {
          "type": "cssRules",
          "assetId": "EmIE1wl7mq",
          "checksum": "834dc70ce340140486ba374f3110a049"
        },
        {
          "type": "renderModule",
          "assetId": "vei3rpQpAq",
          "checksum": "478d05822cc15bc8af7ea8a6f10b9738"
        },
        {
          "type": "cssRules",
          "assetId": "vei3rpQpAq",
          "checksum": "478d05822cc15bc8af7ea8a6f10b9738"
        },
        {
          "type": "renderModule",
          "assetId": "dhCp9C1rVz",
          "checksum": "adbacfd79684e3ef59723bf17caf984e"
        },
        {
          "type": "cssRules",
          "assetId": "dhCp9C1rVz",
          "checksum": "adbacfd79684e3ef59723bf17caf984e"
        },
        {
          "type": "renderModule",
          "assetId": "WRsiZiFPv5J",
          "checksum": "f69bfbcdeaec3e763e926c3f92db53f4"
        },
        {
          "type": "cssRules",
          "assetId": "WRsiZiFPv5J",
          "checksum": "f69bfbcdeaec3e763e926c3f92db53f4"
        },
        {
          "type": "icon",
          "assetId": "x5H6Yc6WgIox3",
          "checksum": "77e018b9990ac59783f881834626551f"
        },
        {
          "type": "icon",
          "assetId": "sViPfLjOBlVPw",
          "checksum": "5fdfe62a8e00b4ce2a30988553e904d2"
        },
        {
          "type": "icon",
          "assetId": "QNcGHIvQ0zH7r",
          "checksum": "3b0fa608c1d2db0abd33d445d80d0f4c"
        },
        {
          "type": "icon",
          "assetId": "LXbkqxYeE0PCy",
          "checksum": "cc35e159e97b4c38ee84de3ae886daa8"
        },
        {
          "type": "icon",
          "assetId": "X1u1erpJs-c-I",
          "checksum": "ce5b0fbad7a848cfe6f78fe6ea26cb18"
        },
        {
          "type": "icon",
          "assetId": "9KW-gtI49IVaV",
          "checksum": "e27f417975425074663dc0db0572eb29"
        },
        {
          "type": "icon",
          "assetId": "OwyyGkfswVO63",
          "checksum": "e4169d2ced38e2c3912f6a8c2495a988"
        },
        {
          "type": "icon",
          "assetId": "_RIojibJXD45R",
          "checksum": "d3e05f80f285b59b108da14482bf09fb"
        },
        {
          "type": "icon",
          "assetId": "80xHUczXGKHr6",
          "checksum": "3c837ce3f031de9ca85772775b2a27b6"
        },
        {
          "type": "icon",
          "assetId": "EYjfgbrG0QygO",
          "checksum": "351da24797594dac7652e8b347f8ac6d"
        },
        {
          "type": "icon",
          "assetId": "i7-dbBPPcayrA",
          "checksum": "eaad96b42e76be1e2ee2fa370236bb56"
        },
        {
          "type": "icon",
          "assetId": "I3uUyvCSUrzyO",
          "checksum": "43745c0c26aae2d1d0a0eb68db4b8a60"
        },
        {
          "type": "icon",
          "assetId": "RaBLWEiI5y-YQ",
          "checksum": "6877378b74fb9a9fd0787b44a85eb1f8"
        },
        {
          "type": "icon",
          "assetId": "pvZjF2mLwLZEN",
          "checksum": "2582f18a8b58a39bfea4d74aa301b245"
        },
        {
          "type": "icon",
          "assetId": "w5xfvMf8kInGz",
          "checksum": "09435866a46aafc3ead02f51e58dff81"
        },
        {
          "type": "icon",
          "assetId": "yPKSxTgnwSaYn",
          "checksum": "c5c504cc6f5517d64b44604088f8b79c"
        },
        {
          "type": "icon",
          "assetId": "bPIoO-FQUMRj0",
          "checksum": "b50d8221b0bf6cbfe486022a1a4daab1"
        },
        {
          "type": "icon",
          "assetId": "yV40PkpB-SQrv",
          "checksum": "65bd7b558f03113ef1f5eb4f19792254"
        },
        {
          "type": "icon",
          "assetId": "wlmNziuq72yBc",
          "checksum": "16c9ec15a01bf918e69979a0c93890de"
        },
        {
          "type": "icon",
          "assetId": "t7YBO6HnjF",
          "checksum": "627646928d01c5a6631f1afdf1a57432"
        },
        {
          "type": "icon",
          "assetId": "57wGom1p3ud",
          "checksum": "70b0b0fe8a419b6e726422c38d384b93"
        },
        {
          "type": "icon",
          "assetId": "cotA1AFhJEB",
          "checksum": "ac2a45f9065729a6e27beb0a6699c94d"
        },
        {
          "type": "icon",
          "assetId": "levw2wPNh7_",
          "checksum": "105d11ba8180710dad949852cf6f309e"
        },
        {
          "type": "icon",
          "assetId": "esLao0IVyYj",
          "checksum": "9ef5533d4a876ca519a061e52c922472"
        },
        {
          "type": "icon",
          "assetId": "kbpRokNj1MS",
          "checksum": "19ea955254a9703d4f5a64e8a9e3f8fd"
        },
        {
          "type": "icon",
          "assetId": "CB8289oITqR",
          "checksum": "cfbc34b84329db7916726e644d9abbd5"
        },
        {
          "type": "icon",
          "assetId": "aL7LNK6o7h3",
          "checksum": "a17eb10db61c3a23c2e6483d43206f71"
        },
        {
          "type": "icon",
          "assetId": "O-vtwbpHS7L",
          "checksum": "63ea3b2ca85f1b99fc39420f2f782478"
        },
        {
          "type": "icon",
          "assetId": "mY-rSgHZU",
          "checksum": "57def4eb6e3676f6d536c6641165360c"
        },
        {
          "type": "icon",
          "assetId": "hbpfneFjwO",
          "checksum": "16ebdba61da0537551e872afb14c5527"
        },
        {
          "type": "icon",
          "assetId": "sHRqwbiY1",
          "checksum": "f3d6fda1dd10bf64ce5b98335a17cb9d"
        },
        {
          "type": "icon",
          "assetId": "xiqG2uIym",
          "checksum": "68eacbe40b4dd0858637fe122174637f"
        },
        {
          "type": "icon",
          "assetId": "n9_V2bXUh",
          "checksum": "bc8daecfc8c008edf8f3746052a4f42c"
        },
        {
          "type": "image",
          "assetId": "VzNGPO9M8sAca",
          "checksum": "25e74927a19a4ae4851b73e59e78c2a7"
        },
        {
          "type": "image",
          "assetId": "eBeXbmB6lsv0y",
          "checksum": "92a9c2e8bbb73db716515d172d268940"
        },
        {
          "type": "image",
          "assetId": "1rTGMWU2pIJ0T",
          "checksum": "4a5bb494bf8df8d9b4e077c02bdfe22d"
        },
        {
          "type": "image",
          "assetId": "4q69sJ4TT7NS2",
          "checksum": "4eed4bc4862dd2c921dbb7eeb6a486be"
        },
        {
          "type": "image",
          "assetId": "tKQwJl5pG",
          "checksum": "097e4ed3f96fcd093a39965505b9f41a"
        },
        {
          "type": "image",
          "assetId": "ACRzkIv-XL",
          "checksum": "2620b73b10da48f837e6e07dda0f2a39"
        },
        {
          "type": "image",
          "assetId": "3FS3Tpd7eR",
          "checksum": "9735a41c401c5f160a1f8332ca27a104"
        },
        {
          "type": "image",
          "assetId": "T-0Gc_EUN",
          "checksum": "5b9d583f10e23963741b2c8f7a394967"
        },
        {
          "type": "image",
          "assetId": "egnE-Wmxu",
          "checksum": "88936a24a7ea17ab45c7eab5846fd8fd"
        },
        {
          "type": "image",
          "assetId": "YoVPJYRT3",
          "checksum": "9930271a193f4323a9b11324e3772e3d"
        },
        {
          "type": "image",
          "assetId": "ywA8WPKr_",
          "checksum": "cec25b4c393480de9be468e64231016f"
        },
        {
          "type": "image",
          "assetId": "fOHwxZUR1B",
          "checksum": "fa1762755c9ad0cae13f20116fce01b0"
        }
      ]
    }
  ],
  "cliVersion": "0.1.119"
}
